
Microsoft Visual Studio Solution File, Format Version 12.00
# Visual Studio Version 17
VisualStudioVersion = 17.14.36717.8 d17.14
MinimumVisualStudioVersion = 10.0.40219.1
Project("{FAE04EC0-301F-11D3-BF4B-00C04F79EFBC}") = "LeagueApi", "LeagueApi\LeagueApi.csproj", "{8A75E77A-847C-46E8-A79A-47870FE8C796}"
EndProject
Global
	GlobalSection(SolutionConfigurationPlatforms) = preSolution
		Debug|Any CPU = Debug|Any CPU
		Release|Any CPU = Release|Any CPU
	EndGlobalSection
	GlobalSection(ProjectConfigurationPlatforms) = postSolution
		{8A75E77A-847C-46E8-A79A-47870FE8C796}.Debug|Any CPU.ActiveCfg = Debug|Any CPU
		{8A75E77A-847C-46E8-A79A-47870FE8C796}.Debug|Any CPU.Build.0 = Debug|Any CPU
		{8A75E77A-847C-46E8-A79A-47870FE8C796}.Release|Any CPU.ActiveCfg = Release|Any CPU
		{8A75E77A-847C-46E8-A79A-47870FE8C796}.Release|Any CPU.Build.0 = Release|Any CPU
	EndGlobalSection
	GlobalSection(SolutionProperties) = preSolution
		HideSolutionNode = FALSE
	EndGlobalSection
	GlobalSection(ExtensibilityGlobals) = postSolution
		SolutionGuid = {A8873CE6-1BFE-44B3-832E-69C4E7DE4C57}
	EndGlobalSection
EndGlobal
